// !$*UTF8*$!
{
	archiveVersion = 1;
	classes = {
	};
	objectVersion = 50;
	objects = {

/* Begin PBXBuildFile section */
		4AFAAE3725C1F5CA004BA402 /* AppDelegate.swift in Sources */ = {isa = PBXBuildFile; fileRef = 4AFAAE3625C1F5CA004BA402 /* AppDelegate.swift */; };
		4AFAAE3925C1F5CB004BA402 /* SceneDelegate.swift in Sources */ = {isa = PBXBuildFile; fileRef = 4AFAAE3825C1F5CB004BA402 /* SceneDelegate.swift */; };
		4AFAAE3B25C1F5CB004BA402 /* ViewController.swift in Sources */ = {isa = PBXBuildFile; fileRef = 4AFAAE3A25C1F5CB004BA402 /* ViewController.swift */; };
		4AFAAE3E25C1F5CC004BA402 /* Main.storyboard in Resources */ = {isa = PBXBuildFile; fileRef = 4AFAAE3C25C1F5CC004BA402 /* Main.storyboard */; };
		4AFAAE4025C1F674004BA402 /* Assets.xcassets in Resources */ = {isa = PBXBuildFile; fileRef = 4AFAAE3F25C1F673004BA402 /* Assets.xcassets */; };
		4AFAAE4325C1F675004BA402 /* LaunchScreen.storyboard in Resources */ = {isa = PBXBuildFile; fileRef = 4AFAAE4125C1F675004BA402 /* LaunchScreen.storyboard */; };
/* End PBXBuildFile section */

/* Begin PBXFileReference section */
		4AFAAE3325C1F5C9004BA402 /* MyfirstApp.app */ = {isa = PBXFileReference; explicitFileType = wrapper.application; includeInIndex = 0; path = MyfirstApp.app; sourceTree = BUILT_PRODUCTS_DIR; };
		4AFAAE3625C1F5CA004BA402 /* AppDelegate.swift */ = {isa = PBXFileReference; lastKnownFileType = sourcecode.swift; path = AppDelegate.swift; sourceTree = "<group>"; };
		4AFAAE3825C1F5CB004BA402 /* SceneDelegate.swift */ = {isa = PBXFileReference; lastKnownFileType = sourcecode.swift; path = SceneDelegate.swift; sourceTree = "<group>"; };
		4AFAAE3A25C1F5CB004BA402 /* ViewController.swift */ = {isa = PBXFileReference; lastKnownFileType = sourcecode.swift; path = ViewController.swift; sourceTree = "<group>"; };
		4AFAAE3D25C1F5CC004BA402 /* Base */ = {isa = PBXFileReference; lastKnownFileType = file.storyboard; name = Base; path = Base.lproj/Main.storyboard; sourceTree = "<group>"; };
		4AFAAE3F25C1F673004BA402 /* Assets.xcassets */ = {isa = PBXFileReference; lastKnownFileType = folder.assetcatalog; path = Assets.xcassets; sourceTree = "<group>"; };
		4AFAAE4225C1F675004BA402 /* Base */ = {isa = PBXFileReference; lastKnownFileType = file.storyboard; name = Base; path = Base.lproj/LaunchScreen.storyboard; sourceTree = "<group>"; };
		4AFAAE4425C1F676004BA402 /* Info.plist */ = {isa = PBXFileReference; lastKnownFileType = text.plist.xml; path = Info.plist; sourceTree = "<group>"; };
/* End PBXFileReference section */

/* Begin PBXFrameworksBuildPhase section */
		4AFAAE3025C1F5C9004BA402 /* Frameworks */ = {
			isa = PBXFrameworksBuildPhase;
			buildActionMask = 2147483647;
			files = (
			);
			runOnlyForDeploymentPostprocessing = 0;
		};
/* End PBXFrameworksBuildPhase section */

/* Begin PBXGroup section */
		4AFAAE2A25C1F5C7004BA402 = {
			isa = PBXGroup;
			children = (
				4AFAAE3525C1F5C9004BA402 /* MyfirstApp */,
				4AFAAE3425C1F5C9004BA402 /* Products */,
			);
			sourceTree = "<group>";
		};
		4AFAAE3425C1F5C9004BA402 /* Products */ = {
			isa = PBXGroup;
			children = (
				4AFAAE3325C1F5C9004BA402 /* MyfirstApp.app */,
			);
			name = Products;
			sourceTree = "<group>";
		};
		4AFAAE3525C1F5C9004BA402 /* MyfirstApp */ = {
			isa = PBXGroup;
			children = (
				4AFAAE3625C1F5CA004BA402 /* AppDelegate.swift */,
				4AFAAE3825C1F5CB004BA402 /* SceneDelegate.swift */,
				4AFAAE3A25C1F5CB004BA402 /* ViewController.swift */,
				4AFAAE3C25C1F5CC004BA402 /* Main.storyboard */,
				4AFAAE3F25C1F673004BA402 /* Assets.xcassets */,
				4AFAAE4125C1F675004BA402 /* LaunchScreen.storyboard */,
				4AFAAE4425C1F676004BA402 /* Info.plist */,
			);
			path = MyfirstApp;
			sourceTree = "<group>";
		};
/* End PBXGroup section */

/* Begin PBXNativeTarget section */
		4AFAAE3225C1F5C9004BA402 /* MyfirstApp */ = {
			isa = PBXNativeTarget;
			buildConfigurationList = 4AFAAE4725C1F676004BA402 /* Build configuration list for PBXNativeTarget "MyfirstApp" */;
			buildPhases = (
				4AFAAE2F25C1F5C9004BA402 /* Sources */,
				4AFAAE3025C1F5C9004BA402 /* Frameworks */,
				4AFAAE3125C1F5C9004BA402 /* Resources */,
			);
			buildRules = (
			);
			dependencies = (
			);
			name = MyfirstApp;
			productName = MyfirstApp;
			productReference = 4AFAAE3325C1F5C9004BA402 /* MyfirstApp.app */;
			productType = "com.apple.product-type.application";
		};
/* End PBXNativeTarget section */

/* Begin PBXProject section */
		4AFAAE2B25C1F5C7004BA402 /* Project object */ = {
			isa = PBXProject;
			attributes = {
				LastSwiftUpdateCheck = 1230;
				LastUpgradeCheck = 1230;
				TargetAttributes = {
					4AFAAE3225C1F5C9004BA402 = {
						CreatedOnToolsVersion = 12.3;
					};
				};
			};
			buildConfigurationList = 4AFAAE2E25C1F5C7004BA402 /* Build configuration list for PBXProject "MyfirstApp" */;
			compatibilityVersion = "Xcode 9.3";
			developmentRegion = en;
			hasScannedForEncodings = 0;
			knownRegions = (
				en,
				Base,
			);
			mainGroup = 4AFAAE2A25C1F5C7004BA402;
			productRefGroup = 4AFAAE3425C1F5C9004BA402 /* Products */;
			projectDirPath = "";
			projectRoot = "";
			targets = (
				4AFAAE3225C1F5C9004BA402 /* MyfirstApp */,
			);
		};
/* End PBXProject section */

/* Begin PBXResourcesBuildPhase section */
		4AFAAE3125C1F5C9004BA402 /* Resources */ = {
			isa = PBXResourcesBuildPhase;
			buildActionMask = 2147483647;
			files = (
				4AFAAE4325C1F675004BA402 /* LaunchScreen.storyboard in Resources */,
				4AFAAE4025C1F674004BA402 /* Assets.xcassets in Resources */,
				4AFAAE3E25C1F5CC004BA402 /* Main.storyboard in Resources */,
			);
			runOnlyForDeploymentPostprocessing = 0;
		};
/* End PBXResourcesBuildPhase section */

/* Begin PBXSourcesBuildPhase section */
		4AFAAE2F25C1F5C9004BA402 /* Sources */ = {
			isa = PBXSourcesBuildPhase;
			buildActionMask = 2147483647;
			files = (
				4AFAAE3B25C1F5CB004BA402 /* ViewController.swift in Sources */,
				4AFAAE3725C1F5CA004BA402 /* AppDelegate.swift in Sources */,
				4AFAAE3925C1F5CB004BA402 /* SceneDelegate.swift in Sources */,
			);
			runOnlyForDeploymentPostprocessing = 0;
		};
/* End PBXSourcesBuildPhase section */

/* Begin PBXVariantGroup section */
		4AFAAE3C25C1F5CC004BA402 /* Main.storyboard */ = {
			isa = PBXVariantGroup;
			children = (
				4AFAAE3D25C1F5CC004BA402 /* Base */,
			);
			name = Main.storyboard;
			sourceTree = "<group>";
		};
		4AFAAE4125C1F675004BA402 /* LaunchScreen.storyboard */ = {
			isa = PBXVariantGroup;
			children = (
				4AFAAE4225C1F675004BA402 /* Base */,
			);
			name = LaunchScreen.storyboard;
			sourceTree = "<group>";
		};
/* End PBXVariantGroup section */

/* Begin XCBuildConfiguration section */
		4AFAAE4525C1F676004BA402 /* Debug */ = {
			isa = XCBuildConfiguration;
			buildSettings = {
				ALWAYS_SEARCH_USER_PATHS = NO;
				CLANG_ANALYZER_NONNULL = YES;
				CLANG_ANALYZER_NUMBER_OBJECT_CONVERSION = YES_AGGRESSIVE;
				CLANG_CXX_LANGUAGE_STANDARD = "gnu++14";
				CLANG_CXX_LIBRARY = "libc++";
				CLANG_ENABLE_MODULES = YES;
				CLANG_ENABLE_OBJC_ARC = YES;
				CLANG_ENABLE_OBJC_WEAK = YES;
				CLANG_WARN_BLOCK_CAPTURE_AUTORELEASING = YES;
				CLANG_WARN_BOOL_CONVERSION = YES;
				CLANG_WARN_COMMA = YES;
				CLANG_WARN_CONSTANT_CONVERSION = YES;
				CLANG_WARN_DEPRECATED_OBJC_IMPLEMENTATIONS = YES;
				CLANG_WARN_DIRECT_OBJC_ISA_USAGE = YES_ERROR;
				CLANG_WARN_DOCUMENTATION_COMMENTS = YES;
				CLANG_WARN_EMPTY_BODY = YES;
				CLANG_WARN_ENUM_CONVERSION = YES;
				CLANG_WARN_INFINITE_RECURSION = YES;
				CLANG_WARN_INT_CONVERSION = YES;
				CLANG_WARN_NON_LITERAL_NULL_CONVERSION = YES;
				CLANG_WARN_OBJC_IMPLICIT_RETAIN_SELF = YES;
				CLANG_WARN_OBJC_LITERAL_CONVERSION = YES;
				CLANG_WARN_OBJC_ROOT_CLASS = YES_ERROR;
				CLANG_WARN_QUOTED_INCLUDE_IN_FRAMEWORK_HEADER = YES;
				CLANG_WARN_RANGE_LOOP_ANALYSIS = YES;
				CLANG_WARN_STRICT_PROTOTYPES = YES;
				CLANG_WARN_SUSPICIOUS_MOVE = YES;
				CLANG_WARN_UNGUARDED_AVAILABILITY = YES_AGGRESSIVE;
				CLANG_WARN_UNREACHABLE_CODE = YES;
				CLANG_WARN__DUPLICATE_METHOD_MATCH = YES;
				COPY_PHASE_STRIP = NO;
				DEBUG_INFORMATION_FORMAT = dwarf;
				ENABLE_STRICT_OBJC_MSGSEND = YES;
				ENABLE_TESTABILITY = YES;
				GCC_C_LANGUAGE_STANDARD = gnu11;
				GCC_DYNAMIC_NO_PIC = NO;
				GCC_NO_COMMON_BLOCKS = YES;
				GCC_OPTIMIZATION_LEVEL = 0;
				GCC_PREPROCESSOR_DEFINITIONS = (
					"DEBUG=1",
					"$(inherited)",
				);
				GCC_WARN_64_TO_32_BIT_CONVERSION = YES;
				GCC_WARN_ABOUT_RETURN_TYPE = YES_ERROR;
				GCC_WARN_UNDECLARED_SELECTOR = YES;
				GCC_WARN_UNINITIALIZED_AUTOS = YES_AGGRESSIVE;
				GCC_WARN_UNUSED_FUNCTION = YES;
				GCC_WARN_UNUSED_VARIABLE = YES;
				IPHONEOS_DEPLOYMENT_TARGET = 14.3;
				MTL_ENABLE_DEBUG_INFO = INCLUDE_SOURCE;
				MTL_FAST_MATH = YES;
				ONLY_ACTIVE_ARCH = YES;
				SDKROOT = iphoneos;
				SWIFT_ACTIVE_COMPILATION_CONDITIONS = DEBUG;
				SWIFT_OPTIMIZATION_LEVEL = "-Onone";
			};
			name = Debug;
		};
		4AFAAE4625C1F676004BA402 /* Release */ = {
			isa = XCBuildConfiguration;
			buildSettings = {
				ALWAYS_SEARCH_USER_PATHS = NO;
				CLANG_ANALYZER_NONNULL = YES;
				CLANG_ANALYZER_NUMBER_OBJECT_CONVERSION = YES_AGGRESSIVE;
				CLANG_CXX_LANGUAGE_STANDARD = "gnu++14";
				CLANG_CXX_LIBRARY = "libc++";
				CLANG_ENABLE_MODULES = YES;
				CLANG_ENABLE_OBJC_ARC = YES;
				CLANG_ENABLE_OBJC_WEAK = YES;
				CLANG_WARN_BLOCK_CAPTURE_AUTORELEASING = YES;
				CLANG_WARN_BOOL_CONVERSION = YES;
				CLANG_WARN_COMMA = YES;
				CLANG_WARN_CONSTANT_CONVERSION = YES;
				CLANG_WARN_DEPRECATED_OBJC_IMPLEMENTATIONS = YES;
				CLANG_WARN_DIRECT_OBJC_ISA_USAGE = YES_ERROR;
				CLANG_WARN_DOCUMENTATION_COMMENTS = YES;
				CLANG_WARN_EMPTY_BODY = YES;
				CLANG_WARN_ENUM_CONVERSION = YES;
				CLANG_WARN_INFINITE_RECURSION = YES;
				CLANG_WARN_INT_CONVERSION = YES;
				CLANG_WARN_NON_LITERAL_NULL_CONVERSION = YES;
				CLANG_WARN_OBJC_IMPLICIT_RETAIN_SELF = YES;
				CLANG_WARN_OBJC_LITERAL_CONVERSION = YES;
				CLANG_WARN_OBJC_ROOT_CLASS = YES_ERROR;
				CLANG_WARN_QUOTED_INCLUDE_IN_FRAMEWORK_HEADER = YES;
				CLANG_WARN_RANGE_LOOP_ANALYSIS = YES;
				CLANG_WARN_STRICT_PROTOTYPES = YES;
				CLANG_WARN_SUSPICIOUS_MOVE = YES;
				CLANG_WARN_UNGUARDED_AVAILABILITY = YES_AGGRESSIVE;
				CLANG_WARN_UNREACHABLE_CODE = YES;
				CLANG_WARN__DUPLICATE_METHOD_MATCH = YES;
				COPY_PHASE_STRIP = NO;
				DEBUG_INFORMATION_FORMAT = "dwarf-with-dsym";
				ENABLE_NS_ASSERTIONS = NO;
				ENABLE_STRICT_OBJC_MSGSEND = YES;
				GCC_C_LANGUAGE_STANDARD = gnu11;
				GCC_NO_COMMON_BLOCKS = YES;
				GCC_WARN_64_TO_32_BIT_CONVERSION = YES;
				GCC_WARN_ABOUT_RETURN_TYPE = YES_ERROR;
				GCC_WARN_UNDECLARED_SELECTOR = YES;
				GCC_WARN_UNINITIALIZED_AUTOS = YES_AGGRESSIVE;
				GCC_WARN_UNUSED_FUNCTION = YES;
				GCC_WARN_UNUSED_VARIABLE = YES;
				IPHONEOS_DEPLOYMENT_TARGET = 14.3;
				MTL_ENABLE_DEBUG_INFO = NO;
				MTL_FAST_MATH = YES;
				SDKROOT = iphoneos;
				SWIFT_COMPILATION_MODE = wholemodule;
				SWIFT_OPTIMIZATION_LEVEL = "-O";
				VALIDATE_PRODUCT = YES;
			};
			name = Release;
		};
		4AFAAE4825C1F676004BA402 /* Debug */ = {
			isa = XCBuildConfiguration;
			buildSettings = {
				ASSETCATALOG_COMPILER_APPICON_NAME = AppIcon;
				ASSETCATALOG_COMPILER_GLOBAL_ACCENT_COLOR_NAME = AccentColor;
				CODE_SIGN_STYLE = Automatic;
				DEVELOPMENT_TEAM = S2467G5D6P;
				INFOPLIST_FILE = MyfirstApp/Info.plist;
				LD_RUNPATH_SEARCH_PATHS = (
					"$(inherited)",
					"@executable_path/Frameworks",
				);
				PRODUCT_BUNDLE_IDENTIFIER = edax.MyfirstApp;
				PRODUCT_NAME = "$(TARGET_NAME)";
				SWIFT_VERSION = 5.0;
				TARGETED_DEVICE_FAMILY = "1,2";
			};
			name = Debug;
		};
		4AFAAE4925C1F676004BA402 /* Release */ = {
			isa = XCBuildConfiguration;
			buildSettings = {
				ASSETCATALOG_COMPILER_APPICON_NAME = AppIcon;
				ASSETCATALOG_COMPILER_GLOBAL_ACCENT_COLOR_NAME = AccentColor;
				CODE_SIGN_STYLE = Automatic;
				DEVELOPMENT_TEAM = S2467G5D6P;
				INFOPLIST_FILE = MyfirstApp/Info.plist;
				LD_RUNPATH_SEARCH_PATHS = (
					"$(inherited)",
					"@executable_path/Frameworks",
				);
				PRODUCT_BUNDLE_IDENTIFIER = edax.MyfirstApp;
				PRODUCT_NAME = "$(TARGET_NAME)";
				SWIFT_VERSION = 5.0;
				TARGETED_DEVICE_FAMILY = "1,2";
			};
			name = Release;
		};
/* End XCBuildConfiguration section */

/* Begin XCConfigurationList section */
		4AFAAE2E25C1F5C7004BA402 /* Build configuration list for PBXProject "MyfirstApp" */ = {
			isa = XCConfigurationList;
			buildConfigurations = (
				4AFAAE4525C1F676004BA402 /* Debug */,
				4AFAAE4625C1F676004BA402 /* Release */,
			);
			defaultConfigurationIsVisible = 0;
			defaultConfigurationName = Release;
		};
		4AFAAE4725C1F676004BA402 /* Build configuration list for PBXNativeTarget "MyfirstApp" */ = {
			isa = XCConfigurationList;
			buildConfigurations = (
				4AFAAE4825C1F676004BA402 /* Debug */,
				4AFAAE4925C1F676004BA402 /* Release */,
			);
			defaultConfigurationIsVisible = 0;
			defaultConfigurationName = Release;
		};
/* End XCConfigurationList section */
	};
	rootObject = 4AFAAE2B25C1F5C7004BA402 /* Project object */;
}
